
Microsoft Visual Studio Solution File, Format Version 12.00
# Visual Studio Version 17
VisualStudioVersion = 17.14.36414.22
MinimumVisualStudioVersion = 10.0.40219.1
Project("{FAE04EC0-301F-11D3-BF4B-00C04F79EFBC}") = "ChimerasCauldron", "ChimerasCauldron\ChimerasCauldron.csproj", "{C0EDD25E-2211-424B-8CF8-4B1F047728EE}"
EndProject
Project("{FAE04EC0-301F-11D3-BF4B-00C04F79EFBC}") = "ExampleForm", "ExampleForm\ExampleForm.csproj", "{4CE6C4BC-1950-40B8-B9E8-FCA3C06401F2}"
EndProject
Project("{FAE04EC0-301F-11D3-BF4B-00C04F79EFBC}") = "YorkBoysTest", "YorkBoysTest\YorkBoysTest.csproj", "{9976F8DA-418E-4E59-94D7-5CE76AAFEC58}"
EndProject
Global
	GlobalSection(SolutionConfigurationPlatforms) = preSolution
		Debug|Any CPU = Debug|Any CPU
		Release|Any CPU = Release|Any CPU
	EndGlobalSection
	GlobalSection(ProjectConfigurationPlatforms) = postSolution
		{C0EDD25E-2211-424B-8CF8-4B1F047728EE}.Debug|Any CPU.ActiveCfg = Debug|Any CPU
		{C0EDD25E-2211-424B-8CF8-4B1F047728EE}.Debug|Any CPU.Build.0 = Debug|Any CPU
		{C0EDD25E-2211-424B-8CF8-4B1F047728EE}.Release|Any CPU.ActiveCfg = Release|Any CPU
		{C0EDD25E-2211-424B-8CF8-4B1F047728EE}.Release|Any CPU.Build.0 = Release|Any CPU
		{4CE6C4BC-1950-40B8-B9E8-FCA3C06401F2}.Debug|Any CPU.ActiveCfg = Debug|Any CPU
		{4CE6C4BC-1950-40B8-B9E8-FCA3C06401F2}.Debug|Any CPU.Build.0 = Debug|Any CPU
		{4CE6C4BC-1950-40B8-B9E8-FCA3C06401F2}.Release|Any CPU.ActiveCfg = Release|Any CPU
		{4CE6C4BC-1950-40B8-B9E8-FCA3C06401F2}.Release|Any CPU.Build.0 = Release|Any CPU
		{9976F8DA-418E-4E59-94D7-5CE76AAFEC58}.Debug|Any CPU.ActiveCfg = Debug|Any CPU
		{9976F8DA-418E-4E59-94D7-5CE76AAFEC58}.Debug|Any CPU.Build.0 = Debug|Any CPU
		{9976F8DA-418E-4E59-94D7-5CE76AAFEC58}.Release|Any CPU.ActiveCfg = Release|Any CPU
		{9976F8DA-418E-4E59-94D7-5CE76AAFEC58}.Release|Any CPU.Build.0 = Release|Any CPU
	EndGlobalSection
	GlobalSection(SolutionProperties) = preSolution
		HideSolutionNode = FALSE
	EndGlobalSection
	GlobalSection(ExtensibilityGlobals) = postSolution
		SolutionGuid = {99BB2D20-2F68-48B2-BEB5-BD6D9261980A}
	EndGlobalSection
EndGlobal
